
Microsoft Visual Studio Solution File, Format Version 12.00
# Visual Studio 14
VisualStudioVersion = 14.0.25420.1
MinimumVisualStudioVersion = 10.0.40219.1
Project("{8BC9CEB8-8B4A-11D0-8D11-00A0C91BC942}") = "gb_win", "gb_win.vcxproj", "{260D869B-B101-4213-819A-DD3343D89F07}"
EndProject
Project("{8BC9CEB8-8B4A-11D0-8D11-00A0C91BC942}") = "gb_omp_win", "..\gb_omp_win\gb_omp_win.vcxproj", "{CA8C287D-ECFC-4995-B053-5F38F8AFB662}"
EndProject
Project("{8BC9CEB8-8B4A-11D0-8D11-00A0C91BC942}") = "gb_sep_win", "..\gb_sep_win\gb_sep_win.vcxproj", "{6BA680DF-E92E-48BD-9D69-C3711C75816F}"
EndProject
Global
	GlobalSection(SolutionConfigurationPlatforms) = preSolution
		Debug|x64 = Debug|x64
		Debug|x86 = Debug|x86
		Release|x64 = Release|x64
		Release|x86 = Release|x86
	EndGlobalSection
	GlobalSection(ProjectConfigurationPlatforms) = postSolution
		{260D869B-B101-4213-819A-DD3343D89F07}.Debug|x64.ActiveCfg = Debug|x64
		{260D869B-B101-4213-819A-DD3343D89F07}.Debug|x64.Build.0 = Debug|x64
		{260D869B-B101-4213-819A-DD3343D89F07}.Debug|x86.ActiveCfg = Debug|Win32
		{260D869B-B101-4213-819A-DD3343D89F07}.Debug|x86.Build.0 = Debug|Win32
		{260D869B-B101-4213-819A-DD3343D89F07}.Release|x64.ActiveCfg = Release|x64
		{260D869B-B101-4213-819A-DD3343D89F07}.Release|x64.Build.0 = Release|x64
		{260D869B-B101-4213-819A-DD3343D89F07}.Release|x86.ActiveCfg = Release|Win32
		{260D869B-B101-4213-819A-DD3343D89F07}.Release|x86.Build.0 = Release|Win32
		{CA8C287D-ECFC-4995-B053-5F38F8AFB662}.Debug|x64.ActiveCfg = Debug|x64
		{CA8C287D-ECFC-4995-B053-5F38F8AFB662}.Debug|x64.Build.0 = Debug|x64
		{CA8C287D-ECFC-4995-B053-5F38F8AFB662}.Debug|x86.ActiveCfg = Debug|Win32
		{CA8C287D-ECFC-4995-B053-5F38F8AFB662}.Debug|x86.Build.0 = Debug|Win32
		{CA8C287D-ECFC-4995-B053-5F38F8AFB662}.Release|x64.ActiveCfg = Release|x64
		{CA8C287D-ECFC-4995-B053-5F38F8AFB662}.Release|x64.Build.0 = Release|x64
		{CA8C287D-ECFC-4995-B053-5F38F8AFB662}.Release|x86.ActiveCfg = Release|Win32
		{CA8C287D-ECFC-4995-B053-5F38F8AFB662}.Release|x86.Build.0 = Release|Win32
		{6BA680DF-E92E-48BD-9D69-C3711C75816F}.Debug|x64.ActiveCfg = Debug|x64
		{6BA680DF-E92E-48BD-9D69-C3711C75816F}.Debug|x64.Build.0 = Debug|x64
		{6BA680DF-E92E-48BD-9D69-C3711C75816F}.Debug|x86.ActiveCfg = Debug|Win32
		{6BA680DF-E92E-48BD-9D69-C3711C75816F}.Debug|x86.Build.0 = Debug|Win32
		{6BA680DF-E92E-48BD-9D69-C3711C75816F}.Release|x64.ActiveCfg = Release|x64
		{6BA680DF-E92E-48BD-9D69-C3711C75816F}.Release|x64.Build.0 = Release|x64
		{6BA680DF-E92E-48BD-9D69-C3711C75816F}.Release|x86.ActiveCfg = Release|Win32
		{6BA680DF-E92E-48BD-9D69-C3711C75816F}.Release|x86.Build.0 = Release|Win32
	EndGlobalSection
	GlobalSection(SolutionProperties) = preSolution
		HideSolutionNode = FALSE
	EndGlobalSection
EndGlobal
